
Microsoft Visual Studio Solution File, Format Version 12.00
# Visual Studio Version 17
VisualStudioVersion = 17.11.35222.181
MinimumVisualStudioVersion = 10.0.40219.1
Project("{FAE04EC0-301F-11D3-BF4B-00C04F79EFBC}") = "RoshamboLab", "RoshamboLab.csproj", "{21964F7A-512E-494D-BDC4-85BF08058598}"
EndProject
Global
	GlobalSection(SolutionConfigurationPlatforms) = preSolution
		Debug|Any CPU = Debug|Any CPU
		Release|Any CPU = Release|Any CPU
	EndGlobalSection
	GlobalSection(ProjectConfigurationPlatforms) = postSolution
		{21964F7A-512E-494D-BDC4-85BF08058598}.Debug|Any CPU.ActiveCfg = Debug|Any CPU
		{21964F7A-512E-494D-BDC4-85BF08058598}.Debug|Any CPU.Build.0 = Debug|Any CPU
		{21964F7A-512E-494D-BDC4-85BF08058598}.Release|Any CPU.ActiveCfg = Release|Any CPU
		{21964F7A-512E-494D-BDC4-85BF08058598}.Release|Any CPU.Build.0 = Release|Any CPU
	EndGlobalSection
	GlobalSection(SolutionProperties) = preSolution
		HideSolutionNode = FALSE
	EndGlobalSection
	GlobalSection(ExtensibilityGlobals) = postSolution
		SolutionGuid = {A97427D6-E47A-4676-A4DD-9EAE1D3CE0D3}
	EndGlobalSection
EndGlobal
